
Microsoft Visual Studio Solution File, Format Version 12.00
Project("{FAE04EC0-301F-11D3-BF4B-00C04F79EFBC}") = "LudumDare50.API.Models", "LudumDare50.API.Models\LudumDare50.API.Models.csproj", "{0FAECACF-C83C-4455-ACED-5B34471D99F7}"
EndProject
Project("{FAE04EC0-301F-11D3-BF4B-00C04F79EFBC}") = "LudumDare50.API", "LudumDare50.API\LudumDare50.API.csproj", "{90A59FFD-C112-44D0-A4D2-E9F0C8C6B904}"
EndProject
Project("{FAE04EC0-301F-11D3-BF4B-00C04F79EFBC}") = "LudumDare50.Web", "LudumDare50.Web\LudumDare50.Web.csproj", "{C6AF08C9-23EA-4E58-AF8F-D869E68B7F37}"
EndProject
Global
	GlobalSection(SolutionConfigurationPlatforms) = preSolution
		Debug|Any CPU = Debug|Any CPU
		Release|Any CPU = Release|Any CPU
	EndGlobalSection
	GlobalSection(ProjectConfigurationPlatforms) = postSolution
		{0FAECACF-C83C-4455-ACED-5B34471D99F7}.Debug|Any CPU.ActiveCfg = Debug|Any CPU
		{0FAECACF-C83C-4455-ACED-5B34471D99F7}.Debug|Any CPU.Build.0 = Debug|Any CPU
		{0FAECACF-C83C-4455-ACED-5B34471D99F7}.Release|Any CPU.ActiveCfg = Release|Any CPU
		{0FAECACF-C83C-4455-ACED-5B34471D99F7}.Release|Any CPU.Build.0 = Release|Any CPU
		{90A59FFD-C112-44D0-A4D2-E9F0C8C6B904}.Debug|Any CPU.ActiveCfg = Debug|Any CPU
		{90A59FFD-C112-44D0-A4D2-E9F0C8C6B904}.Debug|Any CPU.Build.0 = Debug|Any CPU
		{90A59FFD-C112-44D0-A4D2-E9F0C8C6B904}.Release|Any CPU.ActiveCfg = Release|Any CPU
		{90A59FFD-C112-44D0-A4D2-E9F0C8C6B904}.Release|Any CPU.Build.0 = Release|Any CPU
		{C6AF08C9-23EA-4E58-AF8F-D869E68B7F37}.Debug|Any CPU.ActiveCfg = Debug|Any CPU
		{C6AF08C9-23EA-4E58-AF8F-D869E68B7F37}.Debug|Any CPU.Build.0 = Debug|Any CPU
		{C6AF08C9-23EA-4E58-AF8F-D869E68B7F37}.Release|Any CPU.ActiveCfg = Release|Any CPU
		{C6AF08C9-23EA-4E58-AF8F-D869E68B7F37}.Release|Any CPU.Build.0 = Release|Any CPU
	EndGlobalSection
EndGlobal
